
Microsoft Visual Studio Solution File, Format Version 12.00
# Visual Studio Version 16
VisualStudioVersion = 16.0.31702.278
MinimumVisualStudioVersion = 10.0.40219.1
Project("{9A19103F-16F7-4668-BE54-9A1E7A4F7556}") = "Desafio.API.01", "Desafio.API.01\Desafio.API.01.csproj", "{B219FF1A-8CB3-42F6-BBCA-5431CBD78BC3}"
EndProject
Project("{9A19103F-16F7-4668-BE54-9A1E7A4F7556}") = "Desafio.API.02", "Desafio.API.02\Desafio.API.02.csproj", "{35BE92AA-9571-491E-9E83-F5225713AFA3}"
EndProject
Global
	GlobalSection(SolutionConfigurationPlatforms) = preSolution
		Debug|Any CPU = Debug|Any CPU
		Release|Any CPU = Release|Any CPU
	EndGlobalSection
	GlobalSection(ProjectConfigurationPlatforms) = postSolution
		{B219FF1A-8CB3-42F6-BBCA-5431CBD78BC3}.Debug|Any CPU.ActiveCfg = Debug|Any CPU
		{B219FF1A-8CB3-42F6-BBCA-5431CBD78BC3}.Debug|Any CPU.Build.0 = Debug|Any CPU
		{B219FF1A-8CB3-42F6-BBCA-5431CBD78BC3}.Release|Any CPU.ActiveCfg = Release|Any CPU
		{B219FF1A-8CB3-42F6-BBCA-5431CBD78BC3}.Release|Any CPU.Build.0 = Release|Any CPU
		{35BE92AA-9571-491E-9E83-F5225713AFA3}.Debug|Any CPU.ActiveCfg = Debug|Any CPU
		{35BE92AA-9571-491E-9E83-F5225713AFA3}.Debug|Any CPU.Build.0 = Debug|Any CPU
		{35BE92AA-9571-491E-9E83-F5225713AFA3}.Release|Any CPU.ActiveCfg = Release|Any CPU
		{35BE92AA-9571-491E-9E83-F5225713AFA3}.Release|Any CPU.Build.0 = Release|Any CPU
	EndGlobalSection
	GlobalSection(SolutionProperties) = preSolution
		HideSolutionNode = FALSE
	EndGlobalSection
	GlobalSection(ExtensibilityGlobals) = postSolution
		SolutionGuid = {8F78CD69-B91D-40B0-857E-DA9B0D4F3963}
	EndGlobalSection
EndGlobal
